// !$*UTF8*$!
{
	archiveVersion = 1;
	classes = {
	};
	objectVersion = 46;
	objects = {

/* Begin PBXBuildFile section */
		7C774D411E02371000DF435E /* AVFoundation.framework in Frameworks */ = {isa = PBXBuildFile; fileRef = 7C774D401E02371000DF435E /* AVFoundation.framework */; };
		7CD47AD71DB90E0500E60060 /* AppDelegate.swift in Sources */ = {isa = PBXBuildFile; fileRef = 7CD47AD61DB90E0500E60060 /* AppDelegate.swift */; };
		7CD47AD91DB90E0500E60060 /* ViewController.swift in Sources */ = {isa = PBXBuildFile; fileRef = 7CD47AD81DB90E0500E60060 /* ViewController.swift */; };
		7CD47ADC1DB90E0500E60060 /* Main.storyboard in Resources */ = {isa = PBXBuildFile; fileRef = 7CD47ADA1DB90E0500E60060 /* Main.storyboard */; };
		7CD47ADE1DB90E0500E60060 /* Assets.xcassets in Resources */ = {isa = PBXBuildFile; fileRef = 7CD47ADD1DB90E0500E60060 /* Assets.xcassets */; };
		7CD47AE11DB90E0500E60060 /* LaunchScreen.storyboard in Resources */ = {isa = PBXBuildFile; fileRef = 7CD47ADF1DB90E0500E60060 /* LaunchScreen.storyboard */; };
		7CD47AEB1DB90E2300E60060 /* libbassmix.a in Frameworks */ = {isa = PBXBuildFile; fileRef = 7CD47AE91DB90E2300E60060 /* libbassmix.a */; };
		7CD47AEC1DB90E2300E60060 /* libbass.a in Frameworks */ = {isa = PBXBuildFile; fileRef = 7CD47AEA1DB90E2300E60060 /* libbass.a */; };
		7CD47AF01DB90E4C00E60060 /* ObjectiveBASS.m in Sources */ = {isa = PBXBuildFile; fileRef = 7CD47AEF1DB90E4C00E60060 /* ObjectiveBASS.m */; };
		7CD47AF71DB9165000E60060 /* AudioToolbox.framework in Frameworks */ = {isa = PBXBuildFile; fileRef = 7CD47AF61DB9165000E60060 /* AudioToolbox.framework */; };
		7CD47AF91DB9165C00E60060 /* SystemConfiguration.framework in Frameworks */ = {isa = PBXBuildFile; fileRef = 7CD47AF81DB9165C00E60060 /* SystemConfiguration.framework */; };
		7CD47AFB1DB9166200E60060 /* CFNetwork.framework in Frameworks */ = {isa = PBXBuildFile; fileRef = 7CD47AFA1DB9166200E60060 /* CFNetwork.framework */; };
		7CD47AFD1DB9166B00E60060 /* Accelerate.framework in Frameworks */ = {isa = PBXBuildFile; fileRef = 7CD47AFC1DB9166B00E60060 /* Accelerate.framework */; };
		7CD645461E3E575000D7FEC2 /* libbass_fx.a in Frameworks */ = {isa = PBXBuildFile; fileRef = 7CD645451E3E575000D7FEC2 /* libbass_fx.a */; };
/* End PBXBuildFile section */

/* Begin PBXFileReference section */
		7C774D401E02371000DF435E /* AVFoundation.framework */ = {isa = PBXFileReference; lastKnownFileType = wrapper.framework; name = AVFoundation.framework; path = System/Library/Frameworks/AVFoundation.framework; sourceTree = SDKROOT; };
		7CD47AD31DB90E0500E60060 /* BASS Audio Test.app */ = {isa = PBXFileReference; explicitFileType = wrapper.application; includeInIndex = 0; path = "BASS Audio Test.app"; sourceTree = BUILT_PRODUCTS_DIR; };
		7CD47AD61DB90E0500E60060 /* AppDelegate.swift */ = {isa = PBXFileReference; lastKnownFileType = sourcecode.swift; path = AppDelegate.swift; sourceTree = "<group>"; };
		7CD47AD81DB90E0500E60060 /* ViewController.swift */ = {isa = PBXFileReference; lastKnownFileType = sourcecode.swift; path = ViewController.swift; sourceTree = "<group>"; };
		7CD47ADB1DB90E0500E60060 /* Base */ = {isa = PBXFileReference; lastKnownFileType = file.storyboard; name = Base; path = Base.lproj/Main.storyboard; sourceTree = "<group>"; };
		7CD47ADD1DB90E0500E60060 /* Assets.xcassets */ = {isa = PBXFileReference; lastKnownFileType = folder.assetcatalog; path = Assets.xcassets; sourceTree = "<group>"; };
		7CD47AE01DB90E0500E60060 /* Base */ = {isa = PBXFileReference; lastKnownFileType = file.storyboard; name = Base; path = Base.lproj/LaunchScreen.storyboard; sourceTree = "<group>"; };
		7CD47AE21DB90E0500E60060 /* Info.plist */ = {isa = PBXFileReference; lastKnownFileType = text.plist.xml; path = Info.plist; sourceTree = "<group>"; };
		7CD47AE91DB90E2300E60060 /* libbassmix.a */ = {isa = PBXFileReference; lastKnownFileType = archive.ar; path = libbassmix.a; sourceTree = "<group>"; };
		7CD47AEA1DB90E2300E60060 /* libbass.a */ = {isa = PBXFileReference; lastKnownFileType = archive.ar; path = libbass.a; sourceTree = "<group>"; };
		7CD47AED1DB90E4C00E60060 /* BASS Audio Test-Bridging-Header.h */ = {isa = PBXFileReference; lastKnownFileType = sourcecode.c.h; path = "BASS Audio Test-Bridging-Header.h"; sourceTree = "<group>"; };
		7CD47AEE1DB90E4C00E60060 /* ObjectiveBASS.h */ = {isa = PBXFileReference; fileEncoding = 4; lastKnownFileType = sourcecode.c.h; path = ObjectiveBASS.h; sourceTree = "<group>"; };
		7CD47AEF1DB90E4C00E60060 /* ObjectiveBASS.m */ = {isa = PBXFileReference; fileEncoding = 4; lastKnownFileType = sourcecode.c.objc; path = ObjectiveBASS.m; sourceTree = "<group>"; };
		7CD47AF11DB90EFA00E60060 /* bassmix.h */ = {isa = PBXFileReference; lastKnownFileType = sourcecode.c.h; path = bassmix.h; sourceTree = "<group>"; };
		7CD47AF21DB90F0300E60060 /* bass.h */ = {isa = PBXFileReference; lastKnownFileType = sourcecode.c.h; path = bass.h; sourceTree = "<group>"; };
		7CD47AF41DB9163D00E60060 /* CoreAudio.framework */ = {isa = PBXFileReference; lastKnownFileType = wrapper.framework; name = CoreAudio.framework; path = System/Library/Frameworks/CoreAudio.framework; sourceTree = SDKROOT; };
		7CD47AF61DB9165000E60060 /* AudioToolbox.framework */ = {isa = PBXFileReference; lastKnownFileType = wrapper.framework; name = AudioToolbox.framework; path = System/Library/Frameworks/AudioToolbox.framework; sourceTree = SDKROOT; };
		7CD47AF81DB9165C00E60060 /* SystemConfiguration.framework */ = {isa = PBXFileReference; lastKnownFileType = wrapper.framework; name = SystemConfiguration.framework; path = System/Library/Frameworks/SystemConfiguration.framework; sourceTree = SDKROOT; };
		7CD47AFA1DB9166200E60060 /* CFNetwork.framework */ = {isa = PBXFileReference; lastKnownFileType = wrapper.framework; name = CFNetwork.framework; path = System/Library/Frameworks/CFNetwork.framework; sourceTree = SDKROOT; };
		7CD47AFC1DB9166B00E60060 /* Accelerate.framework */ = {isa = PBXFileReference; lastKnownFileType = wrapper.framework; name = Accelerate.framework; path = System/Library/Frameworks/Accelerate.framework; sourceTree = SDKROOT; };
		7CD645441E3E575000D7FEC2 /* bass_fx.h */ = {isa = PBXFileReference; fileEncoding = 4; lastKnownFileType = sourcecode.c.h; path = bass_fx.h; sourceTree = "<group>"; };
		7CD645451E3E575000D7FEC2 /* libbass_fx.a */ = {isa = PBXFileReference; lastKnownFileType = archive.ar; path = libbass_fx.a; sourceTree = "<group>"; };
		9909448ACC3058F2834909F2 /* Pods_BASS_Audio_Test.framework */ = {isa = PBXFileReference; explicitFileType = wrapper.framework; includeInIndex = 0; path = Pods_BASS_Audio_Test.framework; sourceTree = BUILT_PRODUCTS_DIR; };
		AB3C62FD9498DB0503BB2259 /* Pods-BASS Audio Test.release.xcconfig */ = {isa = PBXFileReference; includeInIndex = 1; lastKnownFileType = text.xcconfig; name = "Pods-BASS Audio Test.release.xcconfig"; path = "Pods/Target Support Files/Pods-BASS Audio Test/Pods-BASS Audio Test.release.xcconfig"; sourceTree = "<group>"; };
		E3D86011BB8FD355C8F3F945 /* Pods-BASS Audio Test.debug.xcconfig */ = {isa = PBXFileReference; includeInIndex = 1; lastKnownFileType = text.xcconfig; name = "Pods-BASS Audio Test.debug.xcconfig"; path = "Pods/Target Support Files/Pods-BASS Audio Test/Pods-BASS Audio Test.debug.xcconfig"; sourceTree = "<group>"; };
/* End PBXFileReference section */

/* Begin PBXFrameworksBuildPhase section */
		7CD47AD01DB90E0500E60060 /* Frameworks */ = {
			isa = PBXFrameworksBuildPhase;
			buildActionMask = 2147483647;
			files = (
				7CD645461E3E575000D7FEC2 /* libbass_fx.a in Frameworks */,
				7C774D411E02371000DF435E /* AVFoundation.framework in Frameworks */,
				7CD47AFD1DB9166B00E60060 /* Accelerate.framework in Frameworks */,
				7CD47AFB1DB9166200E60060 /* CFNetwork.framework in Frameworks */,
				7CD47AF91DB9165C00E60060 /* SystemConfiguration.framework in Frameworks */,
				7CD47AF71DB9165000E60060 /* AudioToolbox.framework in Frameworks */,
				7CD47AEC1DB90E2300E60060 /* libbass.a in Frameworks */,
				7CD47AEB1DB90E2300E60060 /* libbassmix.a in Frameworks */,
			);
			runOnlyForDeploymentPostprocessing = 0;
		};
/* End PBXFrameworksBuildPhase section */

/* Begin PBXGroup section */
		490ACA4F021EBA99209EAB19 /* Pods */ = {
			isa = PBXGroup;
			children = (
				E3D86011BB8FD355C8F3F945 /* Pods-BASS Audio Test.debug.xcconfig */,
				AB3C62FD9498DB0503BB2259 /* Pods-BASS Audio Test.release.xcconfig */,
			);
			name = Pods;
			sourceTree = "<group>";
		};
		7C774D421E02385F00DF435E /* ObjectiveBASS */ = {
			isa = PBXGroup;
			children = (
				7CD47AEE1DB90E4C00E60060 /* ObjectiveBASS.h */,
				7CD47AEF1DB90E4C00E60060 /* ObjectiveBASS.m */,
			);
			name = ObjectiveBASS;
			sourceTree = "<group>";
		};
		7CD47ACA1DB90E0500E60060 = {
			isa = PBXGroup;
			children = (
				7CD47AD51DB90E0500E60060 /* BASS Audio Test */,
				7CD47AD41DB90E0500E60060 /* Products */,
				7CD47AF31DB9163D00E60060 /* Frameworks */,
				490ACA4F021EBA99209EAB19 /* Pods */,
			);
			sourceTree = "<group>";
		};
		7CD47AD41DB90E0500E60060 /* Products */ = {
			isa = PBXGroup;
			children = (
				7CD47AD31DB90E0500E60060 /* BASS Audio Test.app */,
			);
			name = Products;
			sourceTree = "<group>";
		};
		7CD47AD51DB90E0500E60060 /* BASS Audio Test */ = {
			isa = PBXGroup;
			children = (
				7C774D421E02385F00DF435E /* ObjectiveBASS */,
				7CD47AE81DB90E0F00E60060 /* BASS */,
				7CD47AD61DB90E0500E60060 /* AppDelegate.swift */,
				7CD47AD81DB90E0500E60060 /* ViewController.swift */,
				7CD47ADA1DB90E0500E60060 /* Main.storyboard */,
				7CD47ADD1DB90E0500E60060 /* Assets.xcassets */,
				7CD47ADF1DB90E0500E60060 /* LaunchScreen.storyboard */,
				7CD47AE21DB90E0500E60060 /* Info.plist */,
				7CD47AED1DB90E4C00E60060 /* BASS Audio Test-Bridging-Header.h */,
			);
			path = "BASS Audio Test";
			sourceTree = "<group>";
		};
		7CD47AE81DB90E0F00E60060 /* BASS */ = {
			isa = PBXGroup;
			children = (
				7CD47AF21DB90F0300E60060 /* bass.h */,
				7CD47AF11DB90EFA00E60060 /* bassmix.h */,
				7CD645441E3E575000D7FEC2 /* bass_fx.h */,
				7CD47AE91DB90E2300E60060 /* libbassmix.a */,
				7CD47AEA1DB90E2300E60060 /* libbass.a */,
				7CD645451E3E575000D7FEC2 /* libbass_fx.a */,
			);
			name = BASS;
			sourceTree = "<group>";
		};
		7CD47AF31DB9163D00E60060 /* Frameworks */ = {
			isa = PBXGroup;
			children = (
				7C774D401E02371000DF435E /* AVFoundation.framework */,
				7CD47AFC1DB9166B00E60060 /* Accelerate.framework */,
				7CD47AFA1DB9166200E60060 /* CFNetwork.framework */,
				7CD47AF81DB9165C00E60060 /* SystemConfiguration.framework */,
				7CD47AF61DB9165000E60060 /* AudioToolbox.framework */,
				7CD47AF41DB9163D00E60060 /* CoreAudio.framework */,
				9909448ACC3058F2834909F2 /* Pods_BASS_Audio_Test.framework */,
			);
			name = Frameworks;
			sourceTree = "<group>";
		};
/* End PBXGroup section */

/* Begin PBXNativeTarget section */
		7CD47AD21DB90E0500E60060 /* BASS Audio Test */ = {
			isa = PBXNativeTarget;
			buildConfigurationList = 7CD47AE51DB90E0500E60060 /* Build configuration list for PBXNativeTarget "BASS Audio Test" */;
			buildPhases = (
				7CD47ACF1DB90E0500E60060 /* Sources */,
				7CD47AD01DB90E0500E60060 /* Frameworks */,
				7CD47AD11DB90E0500E60060 /* Resources */,
			);
			buildRules = (
			);
			dependencies = (
			);
			name = "BASS Audio Test";
			productName = "BASS Audio Test";
			productReference = 7CD47AD31DB90E0500E60060 /* BASS Audio Test.app */;
			productType = "com.apple.product-type.application";
		};
/* End PBXNativeTarget section */

/* Begin PBXProject section */
		7CD47ACB1DB90E0500E60060 /* Project object */ = {
			isa = PBXProject;
			attributes = {
				LastSwiftUpdateCheck = 0800;
				LastUpgradeCheck = 0820;
				ORGANIZATIONNAME = "Alec Gorge";
				TargetAttributes = {
					7CD47AD21DB90E0500E60060 = {
						CreatedOnToolsVersion = 8.0;
						DevelopmentTeam = HT7ELV3Q35;
						LastSwiftMigration = 1020;
						ProvisioningStyle = Automatic;
						SystemCapabilities = {
							com.apple.BackgroundModes = {
								enabled = 1;
							};
						};
					};
				};
			};
			buildConfigurationList = 7CD47ACE1DB90E0500E60060 /* Build configuration list for PBXProject "BASS Audio Test" */;
			compatibilityVersion = "Xcode 3.2";
			developmentRegion = English;
			hasScannedForEncodings = 0;
			knownRegions = (
				English,
				en,
				Base,
			);
			mainGroup = 7CD47ACA1DB90E0500E60060;
			productRefGroup = 7CD47AD41DB90E0500E60060 /* Products */;
			projectDirPath = "";
			projectRoot = "";
			targets = (
				7CD47AD21DB90E0500E60060 /* BASS Audio Test */,
			);
		};
/* End PBXProject section */

/* Begin PBXResourcesBuildPhase section */
		7CD47AD11DB90E0500E60060 /* Resources */ = {
			isa = PBXResourcesBuildPhase;
			buildActionMask = 2147483647;
			files = (
				7CD47AE11DB90E0500E60060 /* LaunchScreen.storyboard in Resources */,
				7CD47ADE1DB90E0500E60060 /* Assets.xcassets in Resources */,
				7CD47ADC1DB90E0500E60060 /* Main.storyboard in Resources */,
			);
			runOnlyForDeploymentPostprocessing = 0;
		};
/* End PBXResourcesBuildPhase section */

/* Begin PBXSourcesBuildPhase section */
		7CD47ACF1DB90E0500E60060 /* Sources */ = {
			isa = PBXSourcesBuildPhase;
			buildActionMask = 2147483647;
			files = (
				7CD47AF01DB90E4C00E60060 /* ObjectiveBASS.m in Sources */,
				7CD47AD91DB90E0500E60060 /* ViewController.swift in Sources */,
				7CD47AD71DB90E0500E60060 /* AppDelegate.swift in Sources */,
			);
			runOnlyForDeploymentPostprocessing = 0;
		};
/* End PBXSourcesBuildPhase section */

/* Begin PBXVariantGroup section */
		7CD47ADA1DB90E0500E60060 /* Main.storyboard */ = {
			isa = PBXVariantGroup;
			children = (
				7CD47ADB1DB90E0500E60060 /* Base */,
			);
			name = Main.storyboard;
			sourceTree = "<group>";
		};
		7CD47ADF1DB90E0500E60060 /* LaunchScreen.storyboard */ = {
			isa = PBXVariantGroup;
			children = (
				7CD47AE01DB90E0500E60060 /* Base */,
			);
			name = LaunchScreen.storyboard;
			sourceTree = "<group>";
		};
/* End PBXVariantGroup section */

/* Begin XCBuildConfiguration section */
		7CD47AE31DB90E0500E60060 /* Debug */ = {
			isa = XCBuildConfiguration;
			buildSettings = {
				ALWAYS_SEARCH_USER_PATHS = NO;
				CLANG_ANALYZER_NONNULL = YES;
				CLANG_CXX_LANGUAGE_STANDARD = "gnu++0x";
				CLANG_CXX_LIBRARY = "libc++";
				CLANG_ENABLE_MODULES = YES;
				CLANG_ENABLE_OBJC_ARC = YES;
				CLANG_WARN_BOOL_CONVERSION = YES;
				CLANG_WARN_CONSTANT_CONVERSION = YES;
				CLANG_WARN_DIRECT_OBJC_ISA_USAGE = YES_ERROR;
				CLANG_WARN_DOCUMENTATION_COMMENTS = YES;
				CLANG_WARN_EMPTY_BODY = YES;
				CLANG_WARN_ENUM_CONVERSION = YES;
				CLANG_WARN_INFINITE_RECURSION = YES;
				CLANG_WARN_INT_CONVERSION = YES;
				CLANG_WARN_OBJC_ROOT_CLASS = YES_ERROR;
				CLANG_WARN_SUSPICIOUS_MOVE = YES;
				CLANG_WARN_SUSPICIOUS_MOVES = YES;
				CLANG_WARN_UNREACHABLE_CODE = YES;
				CLANG_WARN__DUPLICATE_METHOD_MATCH = YES;
				"CODE_SIGN_IDENTITY[sdk=iphoneos*]" = "iPhone Developer";
				COPY_PHASE_STRIP = NO;
				ENABLE_BITCODE = NO;
				ENABLE_STRICT_OBJC_MSGSEND = YES;
				ENABLE_TESTABILITY = YES;
				GCC_C_LANGUAGE_STANDARD = gnu99;
				GCC_DYNAMIC_NO_PIC = NO;
				GCC_NO_COMMON_BLOCKS = YES;
				GCC_OPTIMIZATION_LEVEL = 0;
				GCC_PREPROCESSOR_DEFINITIONS = (
					"DEBUG=1",
					"$(inherited)",
				);
				GCC_WARN_64_TO_32_BIT_CONVERSION = YES;
				GCC_WARN_ABOUT_RETURN_TYPE = YES_ERROR;
				GCC_WARN_UNDECLARED_SELECTOR = YES;
				GCC_WARN_UNINITIALIZED_AUTOS = YES_AGGRESSIVE;
				GCC_WARN_UNUSED_FUNCTION = YES;
				GCC_WARN_UNUSED_VARIABLE = YES;
				IPHONEOS_DEPLOYMENT_TARGET = 10.0;
				MTL_ENABLE_DEBUG_INFO = YES;
				ONLY_ACTIVE_ARCH = YES;
				SDKROOT = iphoneos;
				SWIFT_ACTIVE_COMPILATION_CONDITIONS = DEBUG;
				SWIFT_OPTIMIZATION_LEVEL = "-Onone";
			};
			name = Debug;
		};
		7CD47AE41DB90E0500E60060 /* Release */ = {
			isa = XCBuildConfiguration;
			buildSettings = {
				ALWAYS_SEARCH_USER_PATHS = NO;
				CLANG_ANALYZER_NONNULL = YES;
				CLANG_CXX_LANGUAGE_STANDARD = "gnu++0x";
				CLANG_CXX_LIBRARY = "libc++";
				CLANG_ENABLE_MODULES = YES;
				CLANG_ENABLE_OBJC_ARC = YES;
				CLANG_WARN_BOOL_CONVERSION = YES;
				CLANG_WARN_CONSTANT_CONVERSION = YES;
				CLANG_WARN_DIRECT_OBJC_ISA_USAGE = YES_ERROR;
				CLANG_WARN_DOCUMENTATION_COMMENTS = YES;
				CLANG_WARN_EMPTY_BODY = YES;
				CLANG_WARN_ENUM_CONVERSION = YES;
				CLANG_WARN_INFINITE_RECURSION = YES;
				CLANG_WARN_INT_CONVERSION = YES;
				CLANG_WARN_OBJC_ROOT_CLASS = YES_ERROR;
				CLANG_WARN_SUSPICIOUS_MOVE = YES;
				CLANG_WARN_SUSPICIOUS_MOVES = YES;
				CLANG_WARN_UNREACHABLE_CODE = YES;
				CLANG_WARN__DUPLICATE_METHOD_MATCH = YES;
				"CODE_SIGN_IDENTITY[sdk=iphoneos*]" = "iPhone Developer";
				COPY_PHASE_STRIP = NO;
				DEBUG_INFORMATION_FORMAT = "dwarf-with-dsym";
				ENABLE_BITCODE = NO;
				ENABLE_NS_ASSERTIONS = NO;
				ENABLE_STRICT_OBJC_MSGSEND = YES;
				GCC_C_LANGUAGE_STANDARD = gnu99;
				GCC_NO_COMMON_BLOCKS = YES;
				GCC_WARN_64_TO_32_BIT_CONVERSION = YES;
				GCC_WARN_ABOUT_RETURN_TYPE = YES_ERROR;
				GCC_WARN_UNDECLARED_SELECTOR = YES;
				GCC_WARN_UNINITIALIZED_AUTOS = YES_AGGRESSIVE;
				GCC_WARN_UNUSED_FUNCTION = YES;
				GCC_WARN_UNUSED_VARIABLE = YES;
				IPHONEOS_DEPLOYMENT_TARGET = 10.0;
				MTL_ENABLE_DEBUG_INFO = NO;
				SDKROOT = iphoneos;
				SWIFT_OPTIMIZATION_LEVEL = "-Owholemodule";
				VALIDATE_PRODUCT = YES;
			};
			name = Release;
		};
		7CD47AE61DB90E0500E60060 /* Debug */ = {
			isa = XCBuildConfiguration;
			buildSettings = {
				ASSETCATALOG_COMPILER_APPICON_NAME = AppIcon;
				CLANG_ENABLE_MODULES = YES;
				DEVELOPMENT_TEAM = HT7ELV3Q35;
				INFOPLIST_FILE = "BASS Audio Test/Info.plist";
				LD_RUNPATH_SEARCH_PATHS = "$(inherited) @executable_path/Frameworks";
				LIBRARY_SEARCH_PATHS = (
					"$(inherited)",
					"\"$(PROJECT_DIR)/BASS Audio Test\"",
					"$(PROJECT_DIR)/BASS\\ Audio\\ Test",
				);
				OTHER_LDFLAGS = "-lstdc++";
				PRODUCT_BUNDLE_IDENTIFIER = "com.alecgorge.BASS-Audio-Test";
				PRODUCT_NAME = "$(TARGET_NAME)";
				SWIFT_OBJC_BRIDGING_HEADER = "BASS Audio Test/BASS Audio Test-Bridging-Header.h";
				SWIFT_OPTIMIZATION_LEVEL = "-Onone";
				SWIFT_VERSION = 5.0;
			};
			name = Debug;
		};
		7CD47AE71DB90E0500E60060 /* Release */ = {
			isa = XCBuildConfiguration;
			buildSettings = {
				ASSETCATALOG_COMPILER_APPICON_NAME = AppIcon;
				CLANG_ENABLE_MODULES = YES;
				DEVELOPMENT_TEAM = HT7ELV3Q35;
				INFOPLIST_FILE = "BASS Audio Test/Info.plist";
				LD_RUNPATH_SEARCH_PATHS = "$(inherited) @executable_path/Frameworks";
				LIBRARY_SEARCH_PATHS = (
					"$(inherited)",
					"\"$(PROJECT_DIR)/BASS Audio Test\"",
					"$(PROJECT_DIR)/BASS\\ Audio\\ Test",
				);
				OTHER_LDFLAGS = "-lstdc++";
				PRODUCT_BUNDLE_IDENTIFIER = "com.alecgorge.BASS-Audio-Test";
				PRODUCT_NAME = "$(TARGET_NAME)";
				SWIFT_OBJC_BRIDGING_HEADER = "BASS Audio Test/BASS Audio Test-Bridging-Header.h";
				SWIFT_VERSION = 5.0;
			};
			name = Release;
		};
/* End XCBuildConfiguration section */

/* Begin XCConfigurationList section */
		7CD47ACE1DB90E0500E60060 /* Build configuration list for PBXProject "BASS Audio Test" */ = {
			isa = XCConfigurationList;
			buildConfigurations = (
				7CD47AE31DB90E0500E60060 /* Debug */,
				7CD47AE41DB90E0500E60060 /* Release */,
			);
			defaultConfigurationIsVisible = 0;
			defaultConfigurationName = Release;
		};
		7CD47AE51DB90E0500E60060 /* Build configuration list for PBXNativeTarget "BASS Audio Test" */ = {
			isa = XCConfigurationList;
			buildConfigurations = (
				7CD47AE61DB90E0500E60060 /* Debug */,
				7CD47AE71DB90E0500E60060 /* Release */,
			);
			defaultConfigurationIsVisible = 0;
			defaultConfigurationName = Release;
		};
/* End XCConfigurationList section */
	};
	rootObject = 7CD47ACB1DB90E0500E60060 /* Project object */;
}
